
Microsoft Visual Studio Solution File, Format Version 12.00
# Visual Studio Version 17
VisualStudioVersion = 17.0.31903.59
MinimumVisualStudioVersion = 10.0.40219.1
Project("{FAE04EC0-301F-11D3-BF4B-00C04F79EFBC}") = "ZeDelivery.Application", "ZeDelivery.Application\ZeDelivery.Application.csproj", "{E9E3B572-B6FF-45FA-B03B-1259D7F3F0F5}"
EndProject
Project("{FAE04EC0-301F-11D3-BF4B-00C04F79EFBC}") = "ZeDelivery.Domain", "ZeDelivery.Domain\ZeDelivery.Domain.csproj", "{E1691B8A-046C-4B23-9CE2-125643908F96}"
EndProject
Project("{FAE04EC0-301F-11D3-BF4B-00C04F79EFBC}") = "ZeDelivery.Infra", "ZeDelivery.Infra\ZeDelivery.Infra.csproj", "{0CA46536-FBE8-4A5A-A0AF-A9BBCEF98708}"
EndProject
Project("{FAE04EC0-301F-11D3-BF4B-00C04F79EFBC}") = "ZeDelivery.Web", "ZeDelivery.Web\ZeDelivery.Web.csproj", "{64FDD46E-4229-4BF3-A210-DABF937A2E6F}"
EndProject
Global
	GlobalSection(SolutionConfigurationPlatforms) = preSolution
		Debug|Any CPU = Debug|Any CPU
		Release|Any CPU = Release|Any CPU
	EndGlobalSection
	GlobalSection(SolutionProperties) = preSolution
		HideSolutionNode = FALSE
	EndGlobalSection
	GlobalSection(ProjectConfigurationPlatforms) = postSolution
		{E9E3B572-B6FF-45FA-B03B-1259D7F3F0F5}.Debug|Any CPU.ActiveCfg = Debug|Any CPU
		{E9E3B572-B6FF-45FA-B03B-1259D7F3F0F5}.Debug|Any CPU.Build.0 = Debug|Any CPU
		{E9E3B572-B6FF-45FA-B03B-1259D7F3F0F5}.Release|Any CPU.ActiveCfg = Release|Any CPU
		{E9E3B572-B6FF-45FA-B03B-1259D7F3F0F5}.Release|Any CPU.Build.0 = Release|Any CPU
		{E1691B8A-046C-4B23-9CE2-125643908F96}.Debug|Any CPU.ActiveCfg = Debug|Any CPU
		{E1691B8A-046C-4B23-9CE2-125643908F96}.Debug|Any CPU.Build.0 = Debug|Any CPU
		{E1691B8A-046C-4B23-9CE2-125643908F96}.Release|Any CPU.ActiveCfg = Release|Any CPU
		{E1691B8A-046C-4B23-9CE2-125643908F96}.Release|Any CPU.Build.0 = Release|Any CPU
		{0CA46536-FBE8-4A5A-A0AF-A9BBCEF98708}.Debug|Any CPU.ActiveCfg = Debug|Any CPU
		{0CA46536-FBE8-4A5A-A0AF-A9BBCEF98708}.Debug|Any CPU.Build.0 = Debug|Any CPU
		{0CA46536-FBE8-4A5A-A0AF-A9BBCEF98708}.Release|Any CPU.ActiveCfg = Release|Any CPU
		{0CA46536-FBE8-4A5A-A0AF-A9BBCEF98708}.Release|Any CPU.Build.0 = Release|Any CPU
		{64FDD46E-4229-4BF3-A210-DABF937A2E6F}.Debug|Any CPU.ActiveCfg = Debug|Any CPU
		{64FDD46E-4229-4BF3-A210-DABF937A2E6F}.Debug|Any CPU.Build.0 = Debug|Any CPU
		{64FDD46E-4229-4BF3-A210-DABF937A2E6F}.Release|Any CPU.ActiveCfg = Release|Any CPU
		{64FDD46E-4229-4BF3-A210-DABF937A2E6F}.Release|Any CPU.Build.0 = Release|Any CPU
	EndGlobalSection
EndGlobal
